
Microsoft Visual Studio Solution File, Format Version 12.00
# Visual Studio Version 16
VisualStudioVersion = 16.0.29209.62
MinimumVisualStudioVersion = 10.0.40219.1
Project("{9A19103F-16F7-4668-BE54-9A1E7A4F7556}") = "70-483", "70-483\70-483.csproj", "{5F0E1B66-7EE4-4716-823B-A2EF05511A4F}"
EndProject
Project("{2150E333-8FDC-42A3-9474-1A3956D46DE8}") = "Solution Items", "Solution Items", "{A8A2A6BF-C43F-4AF1-BC77-D9D136FCC76A}"
	ProjectSection(SolutionItems) = preProject
		Exam_Ref_70_483_Programming_in_C_.pdf = Exam_Ref_70_483_Programming_in_C_.pdf
	EndProjectSection
EndProject
Global
	GlobalSection(SolutionConfigurationPlatforms) = preSolution
		Debug|Any CPU = Debug|Any CPU
		Release|Any CPU = Release|Any CPU
	EndGlobalSection
	GlobalSection(ProjectConfigurationPlatforms) = postSolution
		{5F0E1B66-7EE4-4716-823B-A2EF05511A4F}.Debug|Any CPU.ActiveCfg = Debug|Any CPU
		{5F0E1B66-7EE4-4716-823B-A2EF05511A4F}.Debug|Any CPU.Build.0 = Debug|Any CPU
		{5F0E1B66-7EE4-4716-823B-A2EF05511A4F}.Release|Any CPU.ActiveCfg = Release|Any CPU
		{5F0E1B66-7EE4-4716-823B-A2EF05511A4F}.Release|Any CPU.Build.0 = Release|Any CPU
	EndGlobalSection
	GlobalSection(SolutionProperties) = preSolution
		HideSolutionNode = FALSE
	EndGlobalSection
	GlobalSection(ExtensibilityGlobals) = postSolution
		SolutionGuid = {412C6594-0ACA-4897-A13C-B9EFD244FAB9}
	EndGlobalSection
EndGlobal
